
Microsoft Visual Studio Solution File, Format Version 12.00
# Visual Studio Version 17
VisualStudioVersion = 17.13.35825.156
MinimumVisualStudioVersion = 10.0.40219.1
Project("{FAE04EC0-301F-11D3-BF4B-00C04F79EFBC}") = "Duo", "Duo.csproj", "{EAE0BA8F-C13E-4604-A7C6-0112250324DA}"
EndProject
Project("{2150E333-8FDC-42A3-9474-1A3956D46DE8}") = "Solution Items", "Solution Items", "{8EC462FD-D22E-90A8-E5CE-7E832BA40C5D}"
	ProjectSection(SolutionItems) = preProject
		CodeCoverage.runsettings = CodeCoverage.runsettings
	EndProjectSection
EndProject
Project("{FAE04EC0-301F-11D3-BF4B-00C04F79EFBC}") = "DuoClassLibrary", "..\DuoClassLibrary\DuoClassLibrary.csproj", "{FE04E854-2986-4744-9E27-520559F2D50D}"
EndProject
Global
	GlobalSection(SolutionConfigurationPlatforms) = preSolution
		Debug|Any CPU = Debug|Any CPU
		Debug|x64 = Debug|x64
		Release|Any CPU = Release|Any CPU
		Release|x64 = Release|x64
	EndGlobalSection
	GlobalSection(ProjectConfigurationPlatforms) = postSolution
		{EAE0BA8F-C13E-4604-A7C6-0112250324DA}.Debug|Any CPU.ActiveCfg = Debug|Any CPU
		{EAE0BA8F-C13E-4604-A7C6-0112250324DA}.Debug|Any CPU.Build.0 = Debug|Any CPU
		{EAE0BA8F-C13E-4604-A7C6-0112250324DA}.Debug|x64.ActiveCfg = Debug|x64
		{EAE0BA8F-C13E-4604-A7C6-0112250324DA}.Debug|x64.Build.0 = Debug|x64
		{EAE0BA8F-C13E-4604-A7C6-0112250324DA}.Debug|x64.Deploy.0 = Debug|x64
		{EAE0BA8F-C13E-4604-A7C6-0112250324DA}.Release|Any CPU.ActiveCfg = Release|Any CPU
		{EAE0BA8F-C13E-4604-A7C6-0112250324DA}.Release|Any CPU.Build.0 = Release|Any CPU
		{EAE0BA8F-C13E-4604-A7C6-0112250324DA}.Release|x64.ActiveCfg = Release|x64
		{EAE0BA8F-C13E-4604-A7C6-0112250324DA}.Release|x64.Build.0 = Release|x64
		{EAE0BA8F-C13E-4604-A7C6-0112250324DA}.Release|x64.Deploy.0 = Release|x64
		{FE04E854-2986-4744-9E27-520559F2D50D}.Debug|Any CPU.ActiveCfg = Debug|Any CPU
		{FE04E854-2986-4744-9E27-520559F2D50D}.Debug|Any CPU.Build.0 = Debug|Any CPU
		{FE04E854-2986-4744-9E27-520559F2D50D}.Debug|x64.ActiveCfg = Debug|Any CPU
		{FE04E854-2986-4744-9E27-520559F2D50D}.Debug|x64.Build.0 = Debug|Any CPU
		{FE04E854-2986-4744-9E27-520559F2D50D}.Release|Any CPU.ActiveCfg = Release|Any CPU
		{FE04E854-2986-4744-9E27-520559F2D50D}.Release|Any CPU.Build.0 = Release|Any CPU
		{FE04E854-2986-4744-9E27-520559F2D50D}.Release|x64.ActiveCfg = Release|Any CPU
		{FE04E854-2986-4744-9E27-520559F2D50D}.Release|x64.Build.0 = Release|Any CPU
	EndGlobalSection
	GlobalSection(SolutionProperties) = preSolution
		HideSolutionNode = FALSE
	EndGlobalSection
	GlobalSection(ExtensibilityGlobals) = postSolution
		SolutionGuid = {77FEDCC1-265E-4FDB-9132-9C8BF5CE8B1B}
	EndGlobalSection
EndGlobal
